// !$*UTF8*$!
{
	archiveVersion = 1;
	classes = {
	};
	objectVersion = 56;
	objects = {

/* Begin PBXBuildFile section */
		8D28C0672B688E83001FDAEF /* BaseScreen.swift in Sources */ = {isa = PBXBuildFile; fileRef = 8D28C0662B688E83001FDAEF /* BaseScreen.swift */; };
		8D28C0692B688EEF001FDAEF /* XCUIElement+Extension.swift in Sources */ = {isa = PBXBuildFile; fileRef = 8D28C0682B688EEF001FDAEF /* XCUIElement+Extension.swift */; };
		8D28C06B2B688F32001FDAEF /* ElementId.swift in Sources */ = {isa = PBXBuildFile; fileRef = 8D28C06A2B688F32001FDAEF /* ElementId.swift */; };
		8D28C06D2B688FFF001FDAEF /* BaseTests.swift in Sources */ = {isa = PBXBuildFile; fileRef = 8D28C06C2B688FFF001FDAEF /* BaseTests.swift */; };
		8D28C06F2B6890AF001FDAEF /* CoinFlipTests.swift in Sources */ = {isa = PBXBuildFile; fileRef = 8D28C06E2B6890AF001FDAEF /* CoinFlipTests.swift */; };
		8D28C0712B693B16001FDAEF /* CoinFlipSreen.swift in Sources */ = {isa = PBXBuildFile; fileRef = 8D28C0702B693B16001FDAEF /* CoinFlipSreen.swift */; };
		8D28C0732B693FB5001FDAEF /* AccessibilityIdentifier.swift in Sources */ = {isa = PBXBuildFile; fileRef = 8D28C0722B693FB5001FDAEF /* AccessibilityIdentifier.swift */; };
		8D28C0752B6ACAE6001FDAEF /* CoinFlipViewModelTests.swift in Sources */ = {isa = PBXBuildFile; fileRef = 8D28C0742B6ACAE6001FDAEF /* CoinFlipViewModelTests.swift */; };
		8D28C0772B6AD7BD001FDAEF /* CoinSide.swift in Sources */ = {isa = PBXBuildFile; fileRef = 8D28C0762B6AD7BD001FDAEF /* CoinSide.swift */; };
		8D28C0792B71C0C3001FDAEF /* CoinView.swift in Sources */ = {isa = PBXBuildFile; fileRef = 8D28C0782B71C0C3001FDAEF /* CoinView.swift */; };
		8D69336F2B5323300088D292 /* CoinFlipApp.swift in Sources */ = {isa = PBXBuildFile; fileRef = 8D69336E2B5323300088D292 /* CoinFlipApp.swift */; };
		8D6933712B5323300088D292 /* ContentView.swift in Sources */ = {isa = PBXBuildFile; fileRef = 8D6933702B5323300088D292 /* ContentView.swift */; };
		8D6933732B5323320088D292 /* Assets.xcassets in Resources */ = {isa = PBXBuildFile; fileRef = 8D6933722B5323320088D292 /* Assets.xcassets */; };
		8D6933762B5323320088D292 /* Preview Assets.xcassets in Resources */ = {isa = PBXBuildFile; fileRef = 8D6933752B5323320088D292 /* Preview Assets.xcassets */; };
		8D6933802B5323320088D292 /* CoinFlipTests.swift in Sources */ = {isa = PBXBuildFile; fileRef = 8D69337F2B5323320088D292 /* CoinFlipTests.swift */; };
		8D69338C2B5323320088D292 /* CoinFlipUITestsLaunchTests.swift in Sources */ = {isa = PBXBuildFile; fileRef = 8D69338B2B5323320088D292 /* CoinFlipUITestsLaunchTests.swift */; };
		8DB9AE8A2B5767B4003BE3AF /* CoinFlipViewModel.swift in Sources */ = {isa = PBXBuildFile; fileRef = 8DB9AE892B5767B3003BE3AF /* CoinFlipViewModel.swift */; };
		8DE767742B81582700393D2C /* PreviewData.swift in Sources */ = {isa = PBXBuildFile; fileRef = 8DE767732B81582700393D2C /* PreviewData.swift */; };
/* End PBXBuildFile section */

/* Begin PBXContainerItemProxy section */
		8D69337C2B5323320088D292 /* PBXContainerItemProxy */ = {
			isa = PBXContainerItemProxy;
			containerPortal = 8D6933632B5323300088D292 /* Project object */;
			proxyType = 1;
			remoteGlobalIDString = 8D69336A2B5323300088D292;
			remoteInfo = CoinFlip;
		};
		8D6933862B5323320088D292 /* PBXContainerItemProxy */ = {
			isa = PBXContainerItemProxy;
			containerPortal = 8D6933632B5323300088D292 /* Project object */;
			proxyType = 1;
			remoteGlobalIDString = 8D69336A2B5323300088D292;
			remoteInfo = CoinFlip;
		};
/* End PBXContainerItemProxy section */

/* Begin PBXFileReference section */
		8D28C0662B688E83001FDAEF /* BaseScreen.swift */ = {isa = PBXFileReference; lastKnownFileType = sourcecode.swift; path = BaseScreen.swift; sourceTree = "<group>"; };
		8D28C0682B688EEF001FDAEF /* XCUIElement+Extension.swift */ = {isa = PBXFileReference; lastKnownFileType = sourcecode.swift; path = "XCUIElement+Extension.swift"; sourceTree = "<group>"; };
		8D28C06A2B688F32001FDAEF /* ElementId.swift */ = {isa = PBXFileReference; lastKnownFileType = sourcecode.swift; path = ElementId.swift; sourceTree = "<group>"; };
		8D28C06C2B688FFF001FDAEF /* BaseTests.swift */ = {isa = PBXFileReference; lastKnownFileType = sourcecode.swift; path = BaseTests.swift; sourceTree = "<group>"; };
		8D28C06E2B6890AF001FDAEF /* CoinFlipTests.swift */ = {isa = PBXFileReference; lastKnownFileType = sourcecode.swift; path = CoinFlipTests.swift; sourceTree = "<group>"; };
		8D28C0702B693B16001FDAEF /* CoinFlipSreen.swift */ = {isa = PBXFileReference; lastKnownFileType = sourcecode.swift; path = CoinFlipSreen.swift; sourceTree = "<group>"; };
		8D28C0722B693FB5001FDAEF /* AccessibilityIdentifier.swift */ = {isa = PBXFileReference; lastKnownFileType = sourcecode.swift; path = AccessibilityIdentifier.swift; sourceTree = "<group>"; };
		8D28C0742B6ACAE6001FDAEF /* CoinFlipViewModelTests.swift */ = {isa = PBXFileReference; lastKnownFileType = sourcecode.swift; path = CoinFlipViewModelTests.swift; sourceTree = "<group>"; };
		8D28C0762B6AD7BD001FDAEF /* CoinSide.swift */ = {isa = PBXFileReference; lastKnownFileType = sourcecode.swift; path = CoinSide.swift; sourceTree = "<group>"; };
		8D28C0782B71C0C3001FDAEF /* CoinView.swift */ = {isa = PBXFileReference; lastKnownFileType = sourcecode.swift; path = CoinView.swift; sourceTree = "<group>"; };
		8D69336B2B5323300088D292 /* CoinFlip.app */ = {isa = PBXFileReference; explicitFileType = wrapper.application; includeInIndex = 0; path = CoinFlip.app; sourceTree = BUILT_PRODUCTS_DIR; };
		8D69336E2B5323300088D292 /* CoinFlipApp.swift */ = {isa = PBXFileReference; lastKnownFileType = sourcecode.swift; path = CoinFlipApp.swift; sourceTree = "<group>"; };
		8D6933702B5323300088D292 /* ContentView.swift */ = {isa = PBXFileReference; lastKnownFileType = sourcecode.swift; path = ContentView.swift; sourceTree = "<group>"; };
		8D6933722B5323320088D292 /* Assets.xcassets */ = {isa = PBXFileReference; lastKnownFileType = folder.assetcatalog; path = Assets.xcassets; sourceTree = "<group>"; };
		8D6933752B5323320088D292 /* Preview Assets.xcassets */ = {isa = PBXFileReference; lastKnownFileType = folder.assetcatalog; path = "Preview Assets.xcassets"; sourceTree = "<group>"; };
		8D69337B2B5323320088D292 /* CoinFlipTests.xctest */ = {isa = PBXFileReference; explicitFileType = wrapper.cfbundle; includeInIndex = 0; path = CoinFlipTests.xctest; sourceTree = BUILT_PRODUCTS_DIR; };
		8D69337F2B5323320088D292 /* CoinFlipTests.swift */ = {isa = PBXFileReference; lastKnownFileType = sourcecode.swift; path = CoinFlipTests.swift; sourceTree = "<group>"; };
		8D6933852B5323320088D292 /* CoinFlipUITests.xctest */ = {isa = PBXFileReference; explicitFileType = wrapper.cfbundle; includeInIndex = 0; path = CoinFlipUITests.xctest; sourceTree = BUILT_PRODUCTS_DIR; };
		8D69338B2B5323320088D292 /* CoinFlipUITestsLaunchTests.swift */ = {isa = PBXFileReference; lastKnownFileType = sourcecode.swift; path = CoinFlipUITestsLaunchTests.swift; sourceTree = "<group>"; };
		8DB9AE892B5767B3003BE3AF /* CoinFlipViewModel.swift */ = {isa = PBXFileReference; lastKnownFileType = sourcecode.swift; path = CoinFlipViewModel.swift; sourceTree = "<group>"; };
		8DE767732B81582700393D2C /* PreviewData.swift */ = {isa = PBXFileReference; lastKnownFileType = sourcecode.swift; path = PreviewData.swift; sourceTree = "<group>"; };
/* End PBXFileReference section */

/* Begin PBXFrameworksBuildPhase section */
		8D6933682B5323300088D292 /* Frameworks */ = {
			isa = PBXFrameworksBuildPhase;
			buildActionMask = 2147483647;
			files = (
			);
			runOnlyForDeploymentPostprocessing = 0;
		};
		8D6933782B5323320088D292 /* Frameworks */ = {
			isa = PBXFrameworksBuildPhase;
			buildActionMask = 2147483647;
			files = (
			);
			runOnlyForDeploymentPostprocessing = 0;
		};
		8D6933822B5323320088D292 /* Frameworks */ = {
			isa = PBXFrameworksBuildPhase;
			buildActionMask = 2147483647;
			files = (
			);
			runOnlyForDeploymentPostprocessing = 0;
		};
/* End PBXFrameworksBuildPhase section */

/* Begin PBXGroup section */
		8D28C0642B688E5E001FDAEF /* Screens */ = {
			isa = PBXGroup;
			children = (
				8D28C0662B688E83001FDAEF /* BaseScreen.swift */,
				8D28C0702B693B16001FDAEF /* CoinFlipSreen.swift */,
			);
			path = Screens;
			sourceTree = "<group>";
		};
		8D28C0652B688E67001FDAEF /* Tests */ = {
			isa = PBXGroup;
			children = (
				8D28C06C2B688FFF001FDAEF /* BaseTests.swift */,
				8D28C06E2B6890AF001FDAEF /* CoinFlipTests.swift */,
			);
			path = Tests;
			sourceTree = "<group>";
		};
		8D6933622B5323300088D292 = {
			isa = PBXGroup;
			children = (
				8D69336D2B5323300088D292 /* CoinFlip */,
				8D69337E2B5323320088D292 /* CoinFlipTests */,
				8D6933882B5323320088D292 /* CoinFlipUITests */,
				8D69336C2B5323300088D292 /* Products */,
			);
			sourceTree = "<group>";
		};
		8D69336C2B5323300088D292 /* Products */ = {
			isa = PBXGroup;
			children = (
				8D69336B2B5323300088D292 /* CoinFlip.app */,
				8D69337B2B5323320088D292 /* CoinFlipTests.xctest */,
				8D6933852B5323320088D292 /* CoinFlipUITests.xctest */,
			);
			name = Products;
			sourceTree = "<group>";
		};
		8D69336D2B5323300088D292 /* CoinFlip */ = {
			isa = PBXGroup;
			children = (
				8D69336E2B5323300088D292 /* CoinFlipApp.swift */,
				8D6933702B5323300088D292 /* ContentView.swift */,
				8D6933722B5323320088D292 /* Assets.xcassets */,
				8D6933742B5323320088D292 /* Preview Content */,
				8DB9AE892B5767B3003BE3AF /* CoinFlipViewModel.swift */,
				8D28C0722B693FB5001FDAEF /* AccessibilityIdentifier.swift */,
				8D28C0762B6AD7BD001FDAEF /* CoinSide.swift */,
				8D28C0782B71C0C3001FDAEF /* CoinView.swift */,
				8DE767732B81582700393D2C /* PreviewData.swift */,
			);
			path = CoinFlip;
			sourceTree = "<group>";
		};
		8D6933742B5323320088D292 /* Preview Content */ = {
			isa = PBXGroup;
			children = (
				8D6933752B5323320088D292 /* Preview Assets.xcassets */,
			);
			path = "Preview Content";
			sourceTree = "<group>";
		};
		8D69337E2B5323320088D292 /* CoinFlipTests */ = {
			isa = PBXGroup;
			children = (
				8D69337F2B5323320088D292 /* CoinFlipTests.swift */,
				8D28C0742B6ACAE6001FDAEF /* CoinFlipViewModelTests.swift */,
			);
			path = CoinFlipTests;
			sourceTree = "<group>";
		};
		8D6933882B5323320088D292 /* CoinFlipUITests */ = {
			isa = PBXGroup;
			children = (
				8D28C0652B688E67001FDAEF /* Tests */,
				8D28C0642B688E5E001FDAEF /* Screens */,
				8D69338B2B5323320088D292 /* CoinFlipUITestsLaunchTests.swift */,
				8D28C0682B688EEF001FDAEF /* XCUIElement+Extension.swift */,
				8D28C06A2B688F32001FDAEF /* ElementId.swift */,
			);
			path = CoinFlipUITests;
			sourceTree = "<group>";
		};
/* End PBXGroup section */

/* Begin PBXNativeTarget section */
		8D69336A2B5323300088D292 /* CoinFlip */ = {
			isa = PBXNativeTarget;
			buildConfigurationList = 8D69338F2B5323320088D292 /* Build configuration list for PBXNativeTarget "CoinFlip" */;
			buildPhases = (
				8D6933672B5323300088D292 /* Sources */,
				8D6933682B5323300088D292 /* Frameworks */,
				8D6933692B5323300088D292 /* Resources */,
			);
			buildRules = (
			);
			dependencies = (
			);
			name = CoinFlip;
			productName = CoinFlip;
			productReference = 8D69336B2B5323300088D292 /* CoinFlip.app */;
			productType = "com.apple.product-type.application";
		};
		8D69337A2B5323320088D292 /* CoinFlipTests */ = {
			isa = PBXNativeTarget;
			buildConfigurationList = 8D6933922B5323320088D292 /* Build configuration list for PBXNativeTarget "CoinFlipTests" */;
			buildPhases = (
				8D6933772B5323320088D292 /* Sources */,
				8D6933782B5323320088D292 /* Frameworks */,
				8D6933792B5323320088D292 /* Resources */,
			);
			buildRules = (
			);
			dependencies = (
				8D69337D2B5323320088D292 /* PBXTargetDependency */,
			);
			name = CoinFlipTests;
			productName = CoinFlipTests;
			productReference = 8D69337B2B5323320088D292 /* CoinFlipTests.xctest */;
			productType = "com.apple.product-type.bundle.unit-test";
		};
		8D6933842B5323320088D292 /* CoinFlipUITests */ = {
			isa = PBXNativeTarget;
			buildConfigurationList = 8D6933952B5323320088D292 /* Build configuration list for PBXNativeTarget "CoinFlipUITests" */;
			buildPhases = (
				8D6933812B5323320088D292 /* Sources */,
				8D6933822B5323320088D292 /* Frameworks */,
				8D6933832B5323320088D292 /* Resources */,
			);
			buildRules = (
			);
			dependencies = (
				8D6933872B5323320088D292 /* PBXTargetDependency */,
			);
			name = CoinFlipUITests;
			productName = CoinFlipUITests;
			productReference = 8D6933852B5323320088D292 /* CoinFlipUITests.xctest */;
			productType = "com.apple.product-type.bundle.ui-testing";
		};
/* End PBXNativeTarget section */

/* Begin PBXProject section */
		8D6933632B5323300088D292 /* Project object */ = {
			isa = PBXProject;
			attributes = {
				BuildIndependentTargetsInParallel = 1;
				LastSwiftUpdateCheck = 1510;
				LastUpgradeCheck = 1510;
				TargetAttributes = {
					8D69336A2B5323300088D292 = {
						CreatedOnToolsVersion = 15.1;
					};
					8D69337A2B5323320088D292 = {
						CreatedOnToolsVersion = 15.1;
						TestTargetID = 8D69336A2B5323300088D292;
					};
					8D6933842B5323320088D292 = {
						CreatedOnToolsVersion = 15.1;
						TestTargetID = 8D69336A2B5323300088D292;
					};
				};
			};
			buildConfigurationList = 8D6933662B5323300088D292 /* Build configuration list for PBXProject "CoinFlip" */;
			compatibilityVersion = "Xcode 14.0";
			developmentRegion = en;
			hasScannedForEncodings = 0;
			knownRegions = (
				en,
				Base,
			);
			mainGroup = 8D6933622B5323300088D292;
			productRefGroup = 8D69336C2B5323300088D292 /* Products */;
			projectDirPath = "";
			projectRoot = "";
			targets = (
				8D69336A2B5323300088D292 /* CoinFlip */,
				8D69337A2B5323320088D292 /* CoinFlipTests */,
				8D6933842B5323320088D292 /* CoinFlipUITests */,
			);
		};
/* End PBXProject section */

/* Begin PBXResourcesBuildPhase section */
		8D6933692B5323300088D292 /* Resources */ = {
			isa = PBXResourcesBuildPhase;
			buildActionMask = 2147483647;
			files = (
				8D6933762B5323320088D292 /* Preview Assets.xcassets in Resources */,
				8D6933732B5323320088D292 /* Assets.xcassets in Resources */,
			);
			runOnlyForDeploymentPostprocessing = 0;
		};
		8D6933792B5323320088D292 /* Resources */ = {
			isa = PBXResourcesBuildPhase;
			buildActionMask = 2147483647;
			files = (
			);
			runOnlyForDeploymentPostprocessing = 0;
		};
		8D6933832B5323320088D292 /* Resources */ = {
			isa = PBXResourcesBuildPhase;
			buildActionMask = 2147483647;
			files = (
			);
			runOnlyForDeploymentPostprocessing = 0;
		};
/* End PBXResourcesBuildPhase section */

/* Begin PBXSourcesBuildPhase section */
		8D6933672B5323300088D292 /* Sources */ = {
			isa = PBXSourcesBuildPhase;
			buildActionMask = 2147483647;
			files = (
				8DE767742B81582700393D2C /* PreviewData.swift in Sources */,
				8DB9AE8A2B5767B4003BE3AF /* CoinFlipViewModel.swift in Sources */,
				8D28C0772B6AD7BD001FDAEF /* CoinSide.swift in Sources */,
				8D28C0792B71C0C3001FDAEF /* CoinView.swift in Sources */,
				8D28C0732B693FB5001FDAEF /* AccessibilityIdentifier.swift in Sources */,
				8D6933712B5323300088D292 /* ContentView.swift in Sources */,
				8D69336F2B5323300088D292 /* CoinFlipApp.swift in Sources */,
			);
			runOnlyForDeploymentPostprocessing = 0;
		};
		8D6933772B5323320088D292 /* Sources */ = {
			isa = PBXSourcesBuildPhase;
			buildActionMask = 2147483647;
			files = (
				8D28C0752B6ACAE6001FDAEF /* CoinFlipViewModelTests.swift in Sources */,
				8D6933802B5323320088D292 /* CoinFlipTests.swift in Sources */,
			);
			runOnlyForDeploymentPostprocessing = 0;
		};
		8D6933812B5323320088D292 /* Sources */ = {
			isa = PBXSourcesBuildPhase;
			buildActionMask = 2147483647;
			files = (
				8D69338C2B5323320088D292 /* CoinFlipUITestsLaunchTests.swift in Sources */,
				8D28C06F2B6890AF001FDAEF /* CoinFlipTests.swift in Sources */,
				8D28C06B2B688F32001FDAEF /* ElementId.swift in Sources */,
				8D28C0712B693B16001FDAEF /* CoinFlipSreen.swift in Sources */,
				8D28C06D2B688FFF001FDAEF /* BaseTests.swift in Sources */,
				8D28C0692B688EEF001FDAEF /* XCUIElement+Extension.swift in Sources */,
				8D28C0672B688E83001FDAEF /* BaseScreen.swift in Sources */,
			);
			runOnlyForDeploymentPostprocessing = 0;
		};
/* End PBXSourcesBuildPhase section */

/* Begin PBXTargetDependency section */
		8D69337D2B5323320088D292 /* PBXTargetDependency */ = {
			isa = PBXTargetDependency;
			target = 8D69336A2B5323300088D292 /* CoinFlip */;
			targetProxy = 8D69337C2B5323320088D292 /* PBXContainerItemProxy */;
		};
		8D6933872B5323320088D292 /* PBXTargetDependency */ = {
			isa = PBXTargetDependency;
			target = 8D69336A2B5323300088D292 /* CoinFlip */;
			targetProxy = 8D6933862B5323320088D292 /* PBXContainerItemProxy */;
		};
/* End PBXTargetDependency section */

/* Begin XCBuildConfiguration section */
		8D69338D2B5323320088D292 /* Debug */ = {
			isa = XCBuildConfiguration;
			buildSettings = {
				ALWAYS_SEARCH_USER_PATHS = NO;
				ASSETCATALOG_COMPILER_GENERATE_SWIFT_ASSET_SYMBOL_EXTENSIONS = YES;
				CLANG_ANALYZER_NONNULL = YES;
				CLANG_ANALYZER_NUMBER_OBJECT_CONVERSION = YES_AGGRESSIVE;
				CLANG_CXX_LANGUAGE_STANDARD = "gnu++20";
				CLANG_ENABLE_MODULES = YES;
				CLANG_ENABLE_OBJC_ARC = YES;
				CLANG_ENABLE_OBJC_WEAK = YES;
				CLANG_WARN_BLOCK_CAPTURE_AUTORELEASING = YES;
				CLANG_WARN_BOOL_CONVERSION = YES;
				CLANG_WARN_COMMA = YES;
				CLANG_WARN_CONSTANT_CONVERSION = YES;
				CLANG_WARN_DEPRECATED_OBJC_IMPLEMENTATIONS = YES;
				CLANG_WARN_DIRECT_OBJC_ISA_USAGE = YES_ERROR;
				CLANG_WARN_DOCUMENTATION_COMMENTS = YES;
				CLANG_WARN_EMPTY_BODY = YES;
				CLANG_WARN_ENUM_CONVERSION = YES;
				CLANG_WARN_INFINITE_RECURSION = YES;
				CLANG_WARN_INT_CONVERSION = YES;
				CLANG_WARN_NON_LITERAL_NULL_CONVERSION = YES;
				CLANG_WARN_OBJC_IMPLICIT_RETAIN_SELF = YES;
				CLANG_WARN_OBJC_LITERAL_CONVERSION = YES;
				CLANG_WARN_OBJC_ROOT_CLASS = YES_ERROR;
				CLANG_WARN_QUOTED_INCLUDE_IN_FRAMEWORK_HEADER = YES;
				CLANG_WARN_RANGE_LOOP_ANALYSIS = YES;
				CLANG_WARN_STRICT_PROTOTYPES = YES;
				CLANG_WARN_SUSPICIOUS_MOVE = YES;
				CLANG_WARN_UNGUARDED_AVAILABILITY = YES_AGGRESSIVE;
				CLANG_WARN_UNREACHABLE_CODE = YES;
				CLANG_WARN__DUPLICATE_METHOD_MATCH = YES;
				COPY_PHASE_STRIP = NO;
				DEBUG_INFORMATION_FORMAT = dwarf;
				ENABLE_STRICT_OBJC_MSGSEND = YES;
				ENABLE_TESTABILITY = YES;
				ENABLE_USER_SCRIPT_SANDBOXING = YES;
				GCC_C_LANGUAGE_STANDARD = gnu17;
				GCC_DYNAMIC_NO_PIC = NO;
				GCC_NO_COMMON_BLOCKS = YES;
				GCC_OPTIMIZATION_LEVEL = 0;
				GCC_PREPROCESSOR_DEFINITIONS = (
					"DEBUG=1",
					"$(inherited)",
				);
				GCC_WARN_64_TO_32_BIT_CONVERSION = YES;
				GCC_WARN_ABOUT_RETURN_TYPE = YES_ERROR;
				GCC_WARN_UNDECLARED_SELECTOR = YES;
				GCC_WARN_UNINITIALIZED_AUTOS = YES_AGGRESSIVE;
				GCC_WARN_UNUSED_FUNCTION = YES;
				GCC_WARN_UNUSED_VARIABLE = YES;
				IPHONEOS_DEPLOYMENT_TARGET = 17.2;
				LOCALIZATION_PREFERS_STRING_CATALOGS = YES;
				MTL_ENABLE_DEBUG_INFO = INCLUDE_SOURCE;
				MTL_FAST_MATH = YES;
				ONLY_ACTIVE_ARCH = YES;
				SDKROOT = iphoneos;
				SWIFT_ACTIVE_COMPILATION_CONDITIONS = "DEBUG $(inherited)";
				SWIFT_OPTIMIZATION_LEVEL = "-Onone";
			};
			name = Debug;
		};
		8D69338E2B5323320088D292 /* Release */ = {
			isa = XCBuildConfiguration;
			buildSettings = {
				ALWAYS_SEARCH_USER_PATHS = NO;
				ASSETCATALOG_COMPILER_GENERATE_SWIFT_ASSET_SYMBOL_EXTENSIONS = YES;
				CLANG_ANALYZER_NONNULL = YES;
				CLANG_ANALYZER_NUMBER_OBJECT_CONVERSION = YES_AGGRESSIVE;
				CLANG_CXX_LANGUAGE_STANDARD = "gnu++20";
				CLANG_ENABLE_MODULES = YES;
				CLANG_ENABLE_OBJC_ARC = YES;
				CLANG_ENABLE_OBJC_WEAK = YES;
				CLANG_WARN_BLOCK_CAPTURE_AUTORELEASING = YES;
				CLANG_WARN_BOOL_CONVERSION = YES;
				CLANG_WARN_COMMA = YES;
				CLANG_WARN_CONSTANT_CONVERSION = YES;
				CLANG_WARN_DEPRECATED_OBJC_IMPLEMENTATIONS = YES;
				CLANG_WARN_DIRECT_OBJC_ISA_USAGE = YES_ERROR;
				CLANG_WARN_DOCUMENTATION_COMMENTS = YES;
				CLANG_WARN_EMPTY_BODY = YES;
				CLANG_WARN_ENUM_CONVERSION = YES;
				CLANG_WARN_INFINITE_RECURSION = YES;
				CLANG_WARN_INT_CONVERSION = YES;
				CLANG_WARN_NON_LITERAL_NULL_CONVERSION = YES;
				CLANG_WARN_OBJC_IMPLICIT_RETAIN_SELF = YES;
				CLANG_WARN_OBJC_LITERAL_CONVERSION = YES;
				CLANG_WARN_OBJC_ROOT_CLASS = YES_ERROR;
				CLANG_WARN_QUOTED_INCLUDE_IN_FRAMEWORK_HEADER = YES;
				CLANG_WARN_RANGE_LOOP_ANALYSIS = YES;
				CLANG_WARN_STRICT_PROTOTYPES = YES;
				CLANG_WARN_SUSPICIOUS_MOVE = YES;
				CLANG_WARN_UNGUARDED_AVAILABILITY = YES_AGGRESSIVE;
				CLANG_WARN_UNREACHABLE_CODE = YES;
				CLANG_WARN__DUPLICATE_METHOD_MATCH = YES;
				COPY_PHASE_STRIP = NO;
				DEBUG_INFORMATION_FORMAT = "dwarf-with-dsym";
				ENABLE_NS_ASSERTIONS = NO;
				ENABLE_STRICT_OBJC_MSGSEND = YES;
				ENABLE_USER_SCRIPT_SANDBOXING = YES;
				GCC_C_LANGUAGE_STANDARD = gnu17;
				GCC_NO_COMMON_BLOCKS = YES;
				GCC_WARN_64_TO_32_BIT_CONVERSION = YES;
				GCC_WARN_ABOUT_RETURN_TYPE = YES_ERROR;
				GCC_WARN_UNDECLARED_SELECTOR = YES;
				GCC_WARN_UNINITIALIZED_AUTOS = YES_AGGRESSIVE;
				GCC_WARN_UNUSED_FUNCTION = YES;
				GCC_WARN_UNUSED_VARIABLE = YES;
				IPHONEOS_DEPLOYMENT_TARGET = 17.2;
				LOCALIZATION_PREFERS_STRING_CATALOGS = YES;
				MTL_ENABLE_DEBUG_INFO = NO;
				MTL_FAST_MATH = YES;
				SDKROOT = iphoneos;
				SWIFT_COMPILATION_MODE = wholemodule;
				VALIDATE_PRODUCT = YES;
			};
			name = Release;
		};
		8D6933902B5323320088D292 /* Debug */ = {
			isa = XCBuildConfiguration;
			buildSettings = {
				ASSETCATALOG_COMPILER_APPICON_NAME = AppIcon;
				ASSETCATALOG_COMPILER_GLOBAL_ACCENT_COLOR_NAME = AccentColor;
				CODE_SIGN_STYLE = Automatic;
				CURRENT_PROJECT_VERSION = 1;
				DEVELOPMENT_ASSET_PATHS = "\"CoinFlip/Preview Content\"";
				DEVELOPMENT_TEAM = 84C29N4H5C;
				ENABLE_PREVIEWS = YES;
				GENERATE_INFOPLIST_FILE = YES;
				INFOPLIST_KEY_UIApplicationSceneManifest_Generation = YES;
				INFOPLIST_KEY_UIApplicationSupportsIndirectInputEvents = YES;
				INFOPLIST_KEY_UILaunchScreen_Generation = YES;
				INFOPLIST_KEY_UISupportedInterfaceOrientations_iPad = "UIInterfaceOrientationPortrait UIInterfaceOrientationPortraitUpsideDown UIInterfaceOrientationLandscapeLeft UIInterfaceOrientationLandscapeRight";
				INFOPLIST_KEY_UISupportedInterfaceOrientations_iPhone = "UIInterfaceOrientationPortrait UIInterfaceOrientationLandscapeLeft UIInterfaceOrientationLandscapeRight";
				LD_RUNPATH_SEARCH_PATHS = (
					"$(inherited)",
					"@executable_path/Frameworks",
				);
				MARKETING_VERSION = 1.0;
				PRODUCT_BUNDLE_IDENTIFIER = com.slichter.CoinFlip;
				PRODUCT_NAME = "$(TARGET_NAME)";
				SWIFT_EMIT_LOC_STRINGS = YES;
				SWIFT_VERSION = 5.0;
				TARGETED_DEVICE_FAMILY = "1,2";
			};
			name = Debug;
		};
		8D6933912B5323320088D292 /* Release */ = {
			isa = XCBuildConfiguration;
			buildSettings = {
				ASSETCATALOG_COMPILER_APPICON_NAME = AppIcon;
				ASSETCATALOG_COMPILER_GLOBAL_ACCENT_COLOR_NAME = AccentColor;
				CODE_SIGN_STYLE = Automatic;
				CURRENT_PROJECT_VERSION = 1;
				DEVELOPMENT_ASSET_PATHS = "\"CoinFlip/Preview Content\"";
				DEVELOPMENT_TEAM = 84C29N4H5C;
				ENABLE_PREVIEWS = YES;
				GENERATE_INFOPLIST_FILE = YES;
				INFOPLIST_KEY_UIApplicationSceneManifest_Generation = YES;
				INFOPLIST_KEY_UIApplicationSupportsIndirectInputEvents = YES;
				INFOPLIST_KEY_UILaunchScreen_Generation = YES;
				INFOPLIST_KEY_UISupportedInterfaceOrientations_iPad = "UIInterfaceOrientationPortrait UIInterfaceOrientationPortraitUpsideDown UIInterfaceOrientationLandscapeLeft UIInterfaceOrientationLandscapeRight";
				INFOPLIST_KEY_UISupportedInterfaceOrientations_iPhone = "UIInterfaceOrientationPortrait UIInterfaceOrientationLandscapeLeft UIInterfaceOrientationLandscapeRight";
				LD_RUNPATH_SEARCH_PATHS = (
					"$(inherited)",
					"@executable_path/Frameworks",
				);
				MARKETING_VERSION = 1.0;
				PRODUCT_BUNDLE_IDENTIFIER = com.slichter.CoinFlip;
				PRODUCT_NAME = "$(TARGET_NAME)";
				SWIFT_EMIT_LOC_STRINGS = YES;
				SWIFT_VERSION = 5.0;
				TARGETED_DEVICE_FAMILY = "1,2";
			};
			name = Release;
		};
		8D6933932B5323320088D292 /* Debug */ = {
			isa = XCBuildConfiguration;
			buildSettings = {
				ALWAYS_EMBED_SWIFT_STANDARD_LIBRARIES = YES;
				BUNDLE_LOADER = "$(TEST_HOST)";
				CODE_SIGN_STYLE = Automatic;
				CURRENT_PROJECT_VERSION = 1;
				DEVELOPMENT_TEAM = 84C29N4H5C;
				GENERATE_INFOPLIST_FILE = YES;
				IPHONEOS_DEPLOYMENT_TARGET = 17.2;
				MARKETING_VERSION = 1.0;
				PRODUCT_BUNDLE_IDENTIFIER = com.slichter.CoinFlipTests;
				PRODUCT_NAME = "$(TARGET_NAME)";
				SWIFT_EMIT_LOC_STRINGS = NO;
				SWIFT_VERSION = 5.0;
				TARGETED_DEVICE_FAMILY = "1,2";
				TEST_HOST = "$(BUILT_PRODUCTS_DIR)/CoinFlip.app/$(BUNDLE_EXECUTABLE_FOLDER_PATH)/CoinFlip";
			};
			name = Debug;
		};
		8D6933942B5323320088D292 /* Release */ = {
			isa = XCBuildConfiguration;
			buildSettings = {
				ALWAYS_EMBED_SWIFT_STANDARD_LIBRARIES = YES;
				BUNDLE_LOADER = "$(TEST_HOST)";
				CODE_SIGN_STYLE = Automatic;
				CURRENT_PROJECT_VERSION = 1;
				DEVELOPMENT_TEAM = 84C29N4H5C;
				GENERATE_INFOPLIST_FILE = YES;
				IPHONEOS_DEPLOYMENT_TARGET = 17.2;
				MARKETING_VERSION = 1.0;
				PRODUCT_BUNDLE_IDENTIFIER = com.slichter.CoinFlipTests;
				PRODUCT_NAME = "$(TARGET_NAME)";
				SWIFT_EMIT_LOC_STRINGS = NO;
				SWIFT_VERSION = 5.0;
				TARGETED_DEVICE_FAMILY = "1,2";
				TEST_HOST = "$(BUILT_PRODUCTS_DIR)/CoinFlip.app/$(BUNDLE_EXECUTABLE_FOLDER_PATH)/CoinFlip";
			};
			name = Release;
		};
		8D6933962B5323320088D292 /* Debug */ = {
			isa = XCBuildConfiguration;
			buildSettings = {
				ALWAYS_EMBED_SWIFT_STANDARD_LIBRARIES = YES;
				CODE_SIGN_STYLE = Automatic;
				CURRENT_PROJECT_VERSION = 1;
				DEVELOPMENT_TEAM = 84C29N4H5C;
				GENERATE_INFOPLIST_FILE = YES;
				MARKETING_VERSION = 1.0;
				PRODUCT_BUNDLE_IDENTIFIER = com.slichter.CoinFlipUITests;
				PRODUCT_NAME = "$(TARGET_NAME)";
				SWIFT_EMIT_LOC_STRINGS = NO;
				SWIFT_VERSION = 5.0;
				TARGETED_DEVICE_FAMILY = "1,2";
				TEST_TARGET_NAME = CoinFlip;
			};
			name = Debug;
		};
		8D6933972B5323320088D292 /* Release */ = {
			isa = XCBuildConfiguration;
			buildSettings = {
				ALWAYS_EMBED_SWIFT_STANDARD_LIBRARIES = YES;
				CODE_SIGN_STYLE = Automatic;
				CURRENT_PROJECT_VERSION = 1;
				DEVELOPMENT_TEAM = 84C29N4H5C;
				GENERATE_INFOPLIST_FILE = YES;
				MARKETING_VERSION = 1.0;
				PRODUCT_BUNDLE_IDENTIFIER = com.slichter.CoinFlipUITests;
				PRODUCT_NAME = "$(TARGET_NAME)";
				SWIFT_EMIT_LOC_STRINGS = NO;
				SWIFT_VERSION = 5.0;
				TARGETED_DEVICE_FAMILY = "1,2";
				TEST_TARGET_NAME = CoinFlip;
			};
			name = Release;
		};
/* End XCBuildConfiguration section */

/* Begin XCConfigurationList section */
		8D6933662B5323300088D292 /* Build configuration list for PBXProject "CoinFlip" */ = {
			isa = XCConfigurationList;
			buildConfigurations = (
				8D69338D2B5323320088D292 /* Debug */,
				8D69338E2B5323320088D292 /* Release */,
			);
			defaultConfigurationIsVisible = 0;
			defaultConfigurationName = Release;
		};
		8D69338F2B5323320088D292 /* Build configuration list for PBXNativeTarget "CoinFlip" */ = {
			isa = XCConfigurationList;
			buildConfigurations = (
				8D6933902B5323320088D292 /* Debug */,
				8D6933912B5323320088D292 /* Release */,
			);
			defaultConfigurationIsVisible = 0;
			defaultConfigurationName = Release;
		};
		8D6933922B5323320088D292 /* Build configuration list for PBXNativeTarget "CoinFlipTests" */ = {
			isa = XCConfigurationList;
			buildConfigurations = (
				8D6933932B5323320088D292 /* Debug */,
				8D6933942B5323320088D292 /* Release */,
			);
			defaultConfigurationIsVisible = 0;
			defaultConfigurationName = Release;
		};
		8D6933952B5323320088D292 /* Build configuration list for PBXNativeTarget "CoinFlipUITests" */ = {
			isa = XCConfigurationList;
			buildConfigurations = (
				8D6933962B5323320088D292 /* Debug */,
				8D6933972B5323320088D292 /* Release */,
			);
			defaultConfigurationIsVisible = 0;
			defaultConfigurationName = Release;
		};
/* End XCConfigurationList section */
	};
	rootObject = 8D6933632B5323300088D292 /* Project object */;
}
